{
  "originHash" : "90d698e4b39df129a6558fbf427bb0527eb301cebe4bfe625f7d95c525b2c8b6",
  "pins" : [
    {
      "identity" : "gomarketme-swift",
      "kind" : "remoteSourceControl",
      "location" : "https://github.com/GoMarketMe/gomarketme-swift.git",
      "state" : {
        "revision" : "df477cdb944a02945c2ec21b0e401e87507205c1",
        "version" : "3.0.1"
      }
    },
    {
      "identity" : "purchases-ios-spm",
      "kind" : "remoteSourceControl",
      "location" : "https://github.com/RevenueCat/purchases-ios-spm.git",
      "state" : {
        "revision" : "66f81c19e29170cecc1f155c62cd586cf53b8400",
        "version" : "5.67.1"
      }
    }
  ],
  "version" : 3
}
